
Microsoft Visual Studio Solution File, Format Version 12.00
# Visual Studio Version 17
VisualStudioVersion = 17.5.33414.496
MinimumVisualStudioVersion = 10.0.40219.1
Project("{9A19103F-16F7-4668-BE54-9A1E7A4F7556}") = "ShiftService", "ShiftService.csproj", "{D4CB11EE-B229-4C15-9B46-C95478ACECD6}"
EndProject
Project("{FAE04EC0-301F-11D3-BF4B-00C04F79EFBC}") = "ExceptionsLib", "..\ExceptionsLib\ExceptionsLib.csproj", "{FE31E24C-D77C-4B8B-8175-DC4D294C1EE2}"
EndProject
Global
	GlobalSection(SolutionConfigurationPlatforms) = preSolution
		Debug|Any CPU = Debug|Any CPU
		Release|Any CPU = Release|Any CPU
	EndGlobalSection
	GlobalSection(ProjectConfigurationPlatforms) = postSolution
		{D4CB11EE-B229-4C15-9B46-C95478ACECD6}.Debug|Any CPU.ActiveCfg = Debug|Any CPU
		{D4CB11EE-B229-4C15-9B46-C95478ACECD6}.Debug|Any CPU.Build.0 = Debug|Any CPU
		{D4CB11EE-B229-4C15-9B46-C95478ACECD6}.Release|Any CPU.ActiveCfg = Release|Any CPU
		{D4CB11EE-B229-4C15-9B46-C95478ACECD6}.Release|Any CPU.Build.0 = Release|Any CPU
		{FE31E24C-D77C-4B8B-8175-DC4D294C1EE2}.Debug|Any CPU.ActiveCfg = Debug|Any CPU
		{FE31E24C-D77C-4B8B-8175-DC4D294C1EE2}.Debug|Any CPU.Build.0 = Debug|Any CPU
		{FE31E24C-D77C-4B8B-8175-DC4D294C1EE2}.Release|Any CPU.ActiveCfg = Release|Any CPU
		{FE31E24C-D77C-4B8B-8175-DC4D294C1EE2}.Release|Any CPU.Build.0 = Release|Any CPU
	EndGlobalSection
	GlobalSection(SolutionProperties) = preSolution
		HideSolutionNode = FALSE
	EndGlobalSection
	GlobalSection(ExtensibilityGlobals) = postSolution
		SolutionGuid = {F9AD24D2-551F-45A5-A379-CF596A24BC21}
	EndGlobalSection
EndGlobal
